
Microsoft Visual Studio Solution File, Format Version 12.00
# Visual Studio Version 17
VisualStudioVersion = 17.14.37027.9
MinimumVisualStudioVersion = 10.0.40219.1
Project("{FAE04EC0-301F-11D3-BF4B-00C04F79EFBC}") = "MoneyTransfer", "MoneyTransfer.csproj", "{552D3A39-518E-4523-AA5E-719B294B81A7}"
EndProject
Global
	GlobalSection(SolutionConfigurationPlatforms) = preSolution
		Debug|Any CPU = Debug|Any CPU
		Release|Any CPU = Release|Any CPU
	EndGlobalSection
	GlobalSection(ProjectConfigurationPlatforms) = postSolution
		{552D3A39-518E-4523-AA5E-719B294B81A7}.Debug|Any CPU.ActiveCfg = Debug|Any CPU
		{552D3A39-518E-4523-AA5E-719B294B81A7}.Debug|Any CPU.Build.0 = Debug|Any CPU
		{552D3A39-518E-4523-AA5E-719B294B81A7}.Release|Any CPU.ActiveCfg = Release|Any CPU
		{552D3A39-518E-4523-AA5E-719B294B81A7}.Release|Any CPU.Build.0 = Release|Any CPU
	EndGlobalSection
	GlobalSection(SolutionProperties) = preSolution
		HideSolutionNode = FALSE
	EndGlobalSection
	GlobalSection(ExtensibilityGlobals) = postSolution
		SolutionGuid = {EBC23CDF-7B54-48EA-81D5-546FD080C2CE}
	EndGlobalSection
EndGlobal
